
Microsoft Visual Studio Solution File, Format Version 12.00
# Visual Studio Version 16
VisualStudioVersion = 16.0.29519.181
MinimumVisualStudioVersion = 10.0.40219.1
Project("{9A19103F-16F7-4668-BE54-9A1E7A4F7556}") = "Day01", "Day01\Day01.csproj", "{7139971C-4D70-4291-81E1-EE95E844CDA8}"
EndProject
Project("{9A19103F-16F7-4668-BE54-9A1E7A4F7556}") = "Common", "Common\Common.csproj", "{C5ED7DA6-CDBB-4CC0-9B9F-A702BA2E9C51}"
EndProject
Project("{FAE04EC0-301F-11D3-BF4B-00C04F79EFBC}") = "Day02", "Day02\Day02.csproj", "{CCCB97BA-3F33-43EC-A550-9470A1367B69}"
EndProject
Global
	GlobalSection(SolutionConfigurationPlatforms) = preSolution
		Debug|Any CPU = Debug|Any CPU
		Release|Any CPU = Release|Any CPU
	EndGlobalSection
	GlobalSection(ProjectConfigurationPlatforms) = postSolution
		{7139971C-4D70-4291-81E1-EE95E844CDA8}.Debug|Any CPU.ActiveCfg = Debug|Any CPU
		{7139971C-4D70-4291-81E1-EE95E844CDA8}.Debug|Any CPU.Build.0 = Debug|Any CPU
		{7139971C-4D70-4291-81E1-EE95E844CDA8}.Release|Any CPU.ActiveCfg = Release|Any CPU
		{7139971C-4D70-4291-81E1-EE95E844CDA8}.Release|Any CPU.Build.0 = Release|Any CPU
		{C5ED7DA6-CDBB-4CC0-9B9F-A702BA2E9C51}.Debug|Any CPU.ActiveCfg = Debug|Any CPU
		{C5ED7DA6-CDBB-4CC0-9B9F-A702BA2E9C51}.Debug|Any CPU.Build.0 = Debug|Any CPU
		{C5ED7DA6-CDBB-4CC0-9B9F-A702BA2E9C51}.Release|Any CPU.ActiveCfg = Release|Any CPU
		{C5ED7DA6-CDBB-4CC0-9B9F-A702BA2E9C51}.Release|Any CPU.Build.0 = Release|Any CPU
		{CCCB97BA-3F33-43EC-A550-9470A1367B69}.Debug|Any CPU.ActiveCfg = Debug|Any CPU
		{CCCB97BA-3F33-43EC-A550-9470A1367B69}.Debug|Any CPU.Build.0 = Debug|Any CPU
		{CCCB97BA-3F33-43EC-A550-9470A1367B69}.Release|Any CPU.ActiveCfg = Release|Any CPU
		{CCCB97BA-3F33-43EC-A550-9470A1367B69}.Release|Any CPU.Build.0 = Release|Any CPU
	EndGlobalSection
	GlobalSection(SolutionProperties) = preSolution
		HideSolutionNode = FALSE
	EndGlobalSection
	GlobalSection(ExtensibilityGlobals) = postSolution
		SolutionGuid = {74E19A94-6B13-4EEE-848A-13F087E0EE40}
	EndGlobalSection
EndGlobal
